{
  "name": "pdf2json",
  "version": "2.0.2",
  "lockfileVersion": 2,
  "requires": true,
  "packages": {
    "": {
      "name": "pdf2json",
      "version": "2.0.2",
      "bundleDependencies": [
        "@xmldom/xmldom"
      ],
      "license": "Apache-2.0",
      "dependencies": {
        "@xmldom/xmldom": "^0.7.5",
        "pdf2json": "^2.0.1"
      },
      "bin": {
        "pdf2json": "bin/pdf2json"
      },
      "devDependencies": {},
      "engines": {
        "node": ">=14.18.0",
        "npm": ">=6.14.15"
      }
    },
    "node_modules/@xmldom/xmldom": {
      "version": "0.7.5",
      "resolved": "https://registry.npmjs.org/@xmldom/xmldom/-/xmldom-0.7.5.tgz",
      "integrity": "sha512-V3BIhmY36fXZ1OtVcI9W+FxQqxVLsPKcNjWigIaa81dLC9IolJl5Mt4Cvhmr0flUnjSpTdrbMTSbXqYqV5dT6A==",
      "inBundle": true,
      "engines": {
        "node": ">=10.0.0"
      }
    },
    "node_modules/pdf2json": {
      "version": "2.0.1",
      "resolved": "https://registry.npmjs.org/pdf2json/-/pdf2json-2.0.1.tgz",
      "integrity": "sha512-gj1kZOV2cA+bHyyZiwNU8AVduT4L+7dQODtJZRev7/23TZ0Mz5ILVLsaCLX2p7A8cdBYyDq6zXEBUBvtXgpIZg==",
      "bundleDependencies": [
        "@xmldom/xmldom"
      ],
      "dependencies": {
        "@xmldom/xmldom": "^0.7.5"
      },
      "bin": {
        "pdf2json": "bin/pdf2json"
      },
      "engines": {
        "node": ">=14.18.0",
        "npm": ">=6.14.15"
      }
    },
    "node_modules/pdf2json/node_modules/@xmldom/xmldom": {
      "version": "0.7.5",
      "inBundle": true,
      "license": "MIT",
      "engines": {
        "node": ">=10.0.0"
      }
    }
  },
  "dependencies": {
    "@xmldom/xmldom": {
      "version": "0.7.5",
      "resolved": "https://registry.npmjs.org/@xmldom/xmldom/-/xmldom-0.7.5.tgz",
      "integrity": "sha512-V3BIhmY36fXZ1OtVcI9W+FxQqxVLsPKcNjWigIaa81dLC9IolJl5Mt4Cvhmr0flUnjSpTdrbMTSbXqYqV5dT6A=="
    },
    "pdf2json": {
      "version": "2.0.1",
      "resolved": "https://registry.npmjs.org/pdf2json/-/pdf2json-2.0.1.tgz",
      "integrity": "sha512-gj1kZOV2cA+bHyyZiwNU8AVduT4L+7dQODtJZRev7/23TZ0Mz5ILVLsaCLX2p7A8cdBYyDq6zXEBUBvtXgpIZg==",
      "requires": {
        "@xmldom/xmldom": "^0.7.5"
      },
      "dependencies": {
        "@xmldom/xmldom": {
          "version": "0.7.5",
          "bundled": true
        }
      }
    }
  }
}
